
Microsoft Visual Studio Solution File, Format Version 12.00
# Visual Studio Version 16
VisualStudioVersion = 16.0.31112.23
MinimumVisualStudioVersion = 10.0.40219.1
Project("{FAE04EC0-301F-11D3-BF4B-00C04F79EFBC}") = "PAENN2", "PAENN2.csproj", "{C7318168-C41E-4A47-8214-8CB7B5476E43}"
EndProject
Global
	GlobalSection(SolutionConfigurationPlatforms) = preSolution
		Debug|Any CPU = Debug|Any CPU
		Release|Any CPU = Release|Any CPU
	EndGlobalSection
	GlobalSection(ProjectConfigurationPlatforms) = postSolution
		{C7318168-C41E-4A47-8214-8CB7B5476E43}.Debug|Any CPU.ActiveCfg = Debug|Any CPU
		{C7318168-C41E-4A47-8214-8CB7B5476E43}.Debug|Any CPU.Build.0 = Debug|Any CPU
		{C7318168-C41E-4A47-8214-8CB7B5476E43}.Release|Any CPU.ActiveCfg = Release|Any CPU
		{C7318168-C41E-4A47-8214-8CB7B5476E43}.Release|Any CPU.Build.0 = Release|Any CPU
	EndGlobalSection
	GlobalSection(SolutionProperties) = preSolution
		HideSolutionNode = FALSE
	EndGlobalSection
	GlobalSection(ExtensibilityGlobals) = postSolution
		SolutionGuid = {529551C4-DFEC-4340-BC1B-2F7A7283037F}
	EndGlobalSection
EndGlobal
